// !$*UTF8*$!
{
	archiveVersion = 1;
	classes = {
	};
	objectVersion = 46;
	objects = {

/* Begin PBXBuildFile section */
		06463F641B04CA6A008B91DE /* main.m in Sources */ = {isa = PBXBuildFile; fileRef = 06463F631B04CA6A008B91DE /* main.m */; };
		06463F671B04CA6A008B91DE /* AppDelegate.m in Sources */ = {isa = PBXBuildFile; fileRef = 06463F661B04CA6A008B91DE /* AppDelegate.m */; };
		06463F6A1B04CA6A008B91DE /* ViewController.m in Sources */ = {isa = PBXBuildFile; fileRef = 06463F691B04CA6A008B91DE /* ViewController.m */; };
		06463F6D1B04CA6A008B91DE /* Main.storyboard in Resources */ = {isa = PBXBuildFile; fileRef = 06463F6B1B04CA6A008B91DE /* Main.storyboard */; };
		06463F6F1B04CA6A008B91DE /* Images.xcassets in Resources */ = {isa = PBXBuildFile; fileRef = 06463F6E1B04CA6A008B91DE /* Images.xcassets */; };
		06463F721B04CA6A008B91DE /* LaunchScreen.xib in Resources */ = {isa = PBXBuildFile; fileRef = 06463F701B04CA6A008B91DE /* LaunchScreen.xib */; };
		06463F7E1B04CA6A008B91DE /* StrutsProblemTests.m in Sources */ = {isa = PBXBuildFile; fileRef = 06463F7D1B04CA6A008B91DE /* StrutsProblemTests.m */; };
/* End PBXBuildFile section */

/* Begin PBXContainerItemProxy section */
		06463F781B04CA6A008B91DE /* PBXContainerItemProxy */ = {
			isa = PBXContainerItemProxy;
			containerPortal = 06463F561B04CA6A008B91DE /* Project object */;
			proxyType = 1;
			remoteGlobalIDString = 06463F5D1B04CA6A008B91DE;
			remoteInfo = StrutsProblem;
		};
/* End PBXContainerItemProxy section */

/* Begin PBXFileReference section */
		06463F5E1B04CA6A008B91DE /* StrutsProblem.app */ = {isa = PBXFileReference; explicitFileType = wrapper.application; includeInIndex = 0; path = StrutsProblem.app; sourceTree = BUILT_PRODUCTS_DIR; };
		06463F621B04CA6A008B91DE /* Info.plist */ = {isa = PBXFileReference; lastKnownFileType = text.plist.xml; path = Info.plist; sourceTree = "<group>"; };
		06463F631B04CA6A008B91DE /* main.m */ = {isa = PBXFileReference; lastKnownFileType = sourcecode.c.objc; path = main.m; sourceTree = "<group>"; };
		06463F651B04CA6A008B91DE /* AppDelegate.h */ = {isa = PBXFileReference; lastKnownFileType = sourcecode.c.h; path = AppDelegate.h; sourceTree = "<group>"; };
		06463F661B04CA6A008B91DE /* AppDelegate.m */ = {isa = PBXFileReference; lastKnownFileType = sourcecode.c.objc; path = AppDelegate.m; sourceTree = "<group>"; };
		06463F681B04CA6A008B91DE /* ViewController.h */ = {isa = PBXFileReference; lastKnownFileType = sourcecode.c.h; path = ViewController.h; sourceTree = "<group>"; };
		06463F691B04CA6A008B91DE /* ViewController.m */ = {isa = PBXFileReference; lastKnownFileType = sourcecode.c.objc; path = ViewController.m; sourceTree = "<group>"; };
		06463F6C1B04CA6A008B91DE /* Base */ = {isa = PBXFileReference; lastKnownFileType = file.storyboard; name = Base; path = Base.lproj/Main.storyboard; sourceTree = "<group>"; };
		06463F6E1B04CA6A008B91DE /* Images.xcassets */ = {isa = PBXFileReference; lastKnownFileType = folder.assetcatalog; path = Images.xcassets; sourceTree = "<group>"; };
		06463F711B04CA6A008B91DE /* Base */ = {isa = PBXFileReference; lastKnownFileType = file.xib; name = Base; path = Base.lproj/LaunchScreen.xib; sourceTree = "<group>"; };
		06463F771B04CA6A008B91DE /* StrutsProblemTests.xctest */ = {isa = PBXFileReference; explicitFileType = wrapper.cfbundle; includeInIndex = 0; path = StrutsProblemTests.xctest; sourceTree = BUILT_PRODUCTS_DIR; };
		06463F7C1B04CA6A008B91DE /* Info.plist */ = {isa = PBXFileReference; lastKnownFileType = text.plist.xml; path = Info.plist; sourceTree = "<group>"; };
		06463F7D1B04CA6A008B91DE /* StrutsProblemTests.m */ = {isa = PBXFileReference; lastKnownFileType = sourcecode.c.objc; path = StrutsProblemTests.m; sourceTree = "<group>"; };
/* End PBXFileReference section */

/* Begin PBXFrameworksBuildPhase section */
		06463F5B1B04CA6A008B91DE /* Frameworks */ = {
			isa = PBXFrameworksBuildPhase;
			buildActionMask = 2147483647;
			files = (
			);
			runOnlyForDeploymentPostprocessing = 0;
		};
		06463F741B04CA6A008B91DE /* Frameworks */ = {
			isa = PBXFrameworksBuildPhase;
			buildActionMask = 2147483647;
			files = (
			);
			runOnlyForDeploymentPostprocessing = 0;
		};
/* End PBXFrameworksBuildPhase section */

/* Begin PBXGroup section */
		06463F551B04CA6A008B91DE = {
			isa = PBXGroup;
			children = (
				06463F601B04CA6A008B91DE /* StrutsProblem */,
				06463F7A1B04CA6A008B91DE /* StrutsProblemTests */,
				06463F5F1B04CA6A008B91DE /* Products */,
			);
			sourceTree = "<group>";
		};
		06463F5F1B04CA6A008B91DE /* Products */ = {
			isa = PBXGroup;
			children = (
				06463F5E1B04CA6A008B91DE /* StrutsProblem.app */,
				06463F771B04CA6A008B91DE /* StrutsProblemTests.xctest */,
			);
			name = Products;
			sourceTree = "<group>";
		};
		06463F601B04CA6A008B91DE /* StrutsProblem */ = {
			isa = PBXGroup;
			children = (
				06463F651B04CA6A008B91DE /* AppDelegate.h */,
				06463F661B04CA6A008B91DE /* AppDelegate.m */,
				06463F681B04CA6A008B91DE /* ViewController.h */,
				06463F691B04CA6A008B91DE /* ViewController.m */,
				06463F6B1B04CA6A008B91DE /* Main.storyboard */,
				06463F6E1B04CA6A008B91DE /* Images.xcassets */,
				06463F701B04CA6A008B91DE /* LaunchScreen.xib */,
				06463F611B04CA6A008B91DE /* Supporting Files */,
			);
			path = StrutsProblem;
			sourceTree = "<group>";
		};
		06463F611B04CA6A008B91DE /* Supporting Files */ = {
			isa = PBXGroup;
			children = (
				06463F621B04CA6A008B91DE /* Info.plist */,
				06463F631B04CA6A008B91DE /* main.m */,
			);
			name = "Supporting Files";
			sourceTree = "<group>";
		};
		06463F7A1B04CA6A008B91DE /* StrutsProblemTests */ = {
			isa = PBXGroup;
			children = (
				06463F7D1B04CA6A008B91DE /* StrutsProblemTests.m */,
				06463F7B1B04CA6A008B91DE /* Supporting Files */,
			);
			path = StrutsProblemTests;
			sourceTree = "<group>";
		};
		06463F7B1B04CA6A008B91DE /* Supporting Files */ = {
			isa = PBXGroup;
			children = (
				06463F7C1B04CA6A008B91DE /* Info.plist */,
			);
			name = "Supporting Files";
			sourceTree = "<group>";
		};
/* End PBXGroup section */

/* Begin PBXNativeTarget section */
		06463F5D1B04CA6A008B91DE /* StrutsProblem */ = {
			isa = PBXNativeTarget;
			buildConfigurationList = 06463F811B04CA6A008B91DE /* Build configuration list for PBXNativeTarget "StrutsProblem" */;
			buildPhases = (
				06463F5A1B04CA6A008B91DE /* Sources */,
				06463F5B1B04CA6A008B91DE /* Frameworks */,
				06463F5C1B04CA6A008B91DE /* Resources */,
			);
			buildRules = (
			);
			dependencies = (
			);
			name = StrutsProblem;
			productName = StrutsProblem;
			productReference = 06463F5E1B04CA6A008B91DE /* StrutsProblem.app */;
			productType = "com.apple.product-type.application";
		};
		06463F761B04CA6A008B91DE /* StrutsProblemTests */ = {
			isa = PBXNativeTarget;
			buildConfigurationList = 06463F841B04CA6A008B91DE /* Build configuration list for PBXNativeTarget "StrutsProblemTests" */;
			buildPhases = (
				06463F731B04CA6A008B91DE /* Sources */,
				06463F741B04CA6A008B91DE /* Frameworks */,
				06463F751B04CA6A008B91DE /* Resources */,
			);
			buildRules = (
			);
			dependencies = (
				06463F791B04CA6A008B91DE /* PBXTargetDependency */,
			);
			name = StrutsProblemTests;
			productName = StrutsProblemTests;
			productReference = 06463F771B04CA6A008B91DE /* StrutsProblemTests.xctest */;
			productType = "com.apple.product-type.bundle.unit-test";
		};
/* End PBXNativeTarget section */

/* Begin PBXProject section */
		06463F561B04CA6A008B91DE /* Project object */ = {
			isa = PBXProject;
			attributes = {
				LastUpgradeCheck = 0630;
				ORGANIZATIONNAME = dt;
				TargetAttributes = {
					06463F5D1B04CA6A008B91DE = {
						CreatedOnToolsVersion = 6.3;
					};
					06463F761B04CA6A008B91DE = {
						CreatedOnToolsVersion = 6.3;
						TestTargetID = 06463F5D1B04CA6A008B91DE;
					};
				};
			};
			buildConfigurationList = 06463F591B04CA6A008B91DE /* Build configuration list for PBXProject "StrutsProblem" */;
			compatibilityVersion = "Xcode 3.2";
			developmentRegion = English;
			hasScannedForEncodings = 0;
			knownRegions = (
				en,
				Base,
			);
			mainGroup = 06463F551B04CA6A008B91DE;
			productRefGroup = 06463F5F1B04CA6A008B91DE /* Products */;
			projectDirPath = "";
			projectRoot = "";
			targets = (
				06463F5D1B04CA6A008B91DE /* StrutsProblem */,
				06463F761B04CA6A008B91DE /* StrutsProblemTests */,
			);
		};
/* End PBXProject section */

/* Begin PBXResourcesBuildPhase section */
		06463F5C1B04CA6A008B91DE /* Resources */ = {
			isa = PBXResourcesBuildPhase;
			buildActionMask = 2147483647;
			files = (
				06463F6D1B04CA6A008B91DE /* Main.storyboard in Resources */,
				06463F721B04CA6A008B91DE /* LaunchScreen.xib in Resources */,
				06463F6F1B04CA6A008B91DE /* Images.xcassets in Resources */,
			);
			runOnlyForDeploymentPostprocessing = 0;
		};
		06463F751B04CA6A008B91DE /* Resources */ = {
			isa = PBXResourcesBuildPhase;
			buildActionMask = 2147483647;
			files = (
			);
			runOnlyForDeploymentPostprocessing = 0;
		};
/* End PBXResourcesBuildPhase section */

/* Begin PBXSourcesBuildPhase section */
		06463F5A1B04CA6A008B91DE /* Sources */ = {
			isa = PBXSourcesBuildPhase;
			buildActionMask = 2147483647;
			files = (
				06463F6A1B04CA6A008B91DE /* ViewController.m in Sources */,
				06463F671B04CA6A008B91DE /* AppDelegate.m in Sources */,
				06463F641B04CA6A008B91DE /* main.m in Sources */,
			);
			runOnlyForDeploymentPostprocessing = 0;
		};
		06463F731B04CA6A008B91DE /* Sources */ = {
			isa = PBXSourcesBuildPhase;
			buildActionMask = 2147483647;
			files = (
				06463F7E1B04CA6A008B91DE /* StrutsProblemTests.m in Sources */,
			);
			runOnlyForDeploymentPostprocessing = 0;
		};
/* End PBXSourcesBuildPhase section */

/* Begin PBXTargetDependency section */
		06463F791B04CA6A008B91DE /* PBXTargetDependency */ = {
			isa = PBXTargetDependency;
			target = 06463F5D1B04CA6A008B91DE /* StrutsProblem */;
			targetProxy = 06463F781B04CA6A008B91DE /* PBXContainerItemProxy */;
		};
/* End PBXTargetDependency section */

/* Begin PBXVariantGroup section */
		06463F6B1B04CA6A008B91DE /* Main.storyboard */ = {
			isa = PBXVariantGroup;
			children = (
				06463F6C1B04CA6A008B91DE /* Base */,
			);
			name = Main.storyboard;
			sourceTree = "<group>";
		};
		06463F701B04CA6A008B91DE /* LaunchScreen.xib */ = {
			isa = PBXVariantGroup;
			children = (
				06463F711B04CA6A008B91DE /* Base */,
			);
			name = LaunchScreen.xib;
			sourceTree = "<group>";
		};
/* End PBXVariantGroup section */

/* Begin XCBuildConfiguration section */
		06463F7F1B04CA6A008B91DE /* Debug */ = {
			isa = XCBuildConfiguration;
			buildSettings = {
				ALWAYS_SEARCH_USER_PATHS = NO;
				CLANG_CXX_LANGUAGE_STANDARD = "gnu++0x";
				CLANG_CXX_LIBRARY = "libc++";
				CLANG_ENABLE_MODULES = YES;
				CLANG_ENABLE_OBJC_ARC = YES;
				CLANG_WARN_BOOL_CONVERSION = YES;
				CLANG_WARN_CONSTANT_CONVERSION = YES;
				CLANG_WARN_DIRECT_OBJC_ISA_USAGE = YES_ERROR;
				CLANG_WARN_EMPTY_BODY = YES;
				CLANG_WARN_ENUM_CONVERSION = YES;
				CLANG_WARN_INT_CONVERSION = YES;
				CLANG_WARN_OBJC_ROOT_CLASS = YES_ERROR;
				CLANG_WARN_UNREACHABLE_CODE = YES;
				CLANG_WARN__DUPLICATE_METHOD_MATCH = YES;
				"CODE_SIGN_IDENTITY[sdk=iphoneos*]" = "iPhone Developer";
				COPY_PHASE_STRIP = NO;
				DEBUG_INFORMATION_FORMAT = "dwarf-with-dsym";
				ENABLE_STRICT_OBJC_MSGSEND = YES;
				GCC_C_LANGUAGE_STANDARD = gnu99;
				GCC_DYNAMIC_NO_PIC = NO;
				GCC_NO_COMMON_BLOCKS = YES;
				GCC_OPTIMIZATION_LEVEL = 0;
				GCC_PREPROCESSOR_DEFINITIONS = (
					"DEBUG=1",
					"$(inherited)",
				);
				GCC_SYMBOLS_PRIVATE_EXTERN = NO;
				GCC_WARN_64_TO_32_BIT_CONVERSION = YES;
				GCC_WARN_ABOUT_RETURN_TYPE = YES_ERROR;
				GCC_WARN_UNDECLARED_SELECTOR = YES;
				GCC_WARN_UNINITIALIZED_AUTOS = YES_AGGRESSIVE;
				GCC_WARN_UNUSED_FUNCTION = YES;
				GCC_WARN_UNUSED_VARIABLE = YES;
				IPHONEOS_DEPLOYMENT_TARGET = 8.3;
				MTL_ENABLE_DEBUG_INFO = YES;
				ONLY_ACTIVE_ARCH = YES;
				SDKROOT = iphoneos;
			};
			name = Debug;
		};
		06463F801B04CA6A008B91DE /* Release */ = {
			isa = XCBuildConfiguration;
			buildSettings = {
				ALWAYS_SEARCH_USER_PATHS = NO;
				CLANG_CXX_LANGUAGE_STANDARD = "gnu++0x";
				CLANG_CXX_LIBRARY = "libc++";
				CLANG_ENABLE_MODULES = YES;
				CLANG_ENABLE_OBJC_ARC = YES;
				CLANG_WARN_BOOL_CONVERSION = YES;
				CLANG_WARN_CONSTANT_CONVERSION = YES;
				CLANG_WARN_DIRECT_OBJC_ISA_USAGE = YES_ERROR;
				CLANG_WARN_EMPTY_BODY = YES;
				CLANG_WARN_ENUM_CONVERSION = YES;
				CLANG_WARN_INT_CONVERSION = YES;
				CLANG_WARN_OBJC_ROOT_CLASS = YES_ERROR;
				CLANG_WARN_UNREACHABLE_CODE = YES;
				CLANG_WARN__DUPLICATE_METHOD_MATCH = YES;
				"CODE_SIGN_IDENTITY[sdk=iphoneos*]" = "iPhone Developer";
				COPY_PHASE_STRIP = NO;
				DEBUG_INFORMATION_FORMAT = "dwarf-with-dsym";
				ENABLE_NS_ASSERTIONS = NO;
				ENABLE_STRICT_OBJC_MSGSEND = YES;
				GCC_C_LANGUAGE_STANDARD = gnu99;
				GCC_NO_COMMON_BLOCKS = YES;
				GCC_WARN_64_TO_32_BIT_CONVERSION = YES;
				GCC_WARN_ABOUT_RETURN_TYPE = YES_ERROR;
				GCC_WARN_UNDECLARED_SELECTOR = YES;
				GCC_WARN_UNINITIALIZED_AUTOS = YES_AGGRESSIVE;
				GCC_WARN_UNUSED_FUNCTION = YES;
				GCC_WARN_UNUSED_VARIABLE = YES;
				IPHONEOS_DEPLOYMENT_TARGET = 8.3;
				MTL_ENABLE_DEBUG_INFO = NO;
				SDKROOT = iphoneos;
				VALIDATE_PRODUCT = YES;
			};
			name = Release;
		};
		06463F821B04CA6A008B91DE /* Debug */ = {
			isa = XCBuildConfiguration;
			buildSettings = {
				ASSETCATALOG_COMPILER_APPICON_NAME = AppIcon;
				INFOPLIST_FILE = StrutsProblem/Info.plist;
				LD_RUNPATH_SEARCH_PATHS = "$(inherited) @executable_path/Frameworks";
				PRODUCT_NAME = "$(TARGET_NAME)";
			};
			name = Debug;
		};
		06463F831B04CA6A008B91DE /* Release */ = {
			isa = XCBuildConfiguration;
			buildSettings = {
				ASSETCATALOG_COMPILER_APPICON_NAME = AppIcon;
				INFOPLIST_FILE = StrutsProblem/Info.plist;
				LD_RUNPATH_SEARCH_PATHS = "$(inherited) @executable_path/Frameworks";
				PRODUCT_NAME = "$(TARGET_NAME)";
			};
			name = Release;
		};
		06463F851B04CA6A008B91DE /* Debug */ = {
			isa = XCBuildConfiguration;
			buildSettings = {
				BUNDLE_LOADER = "$(TEST_HOST)";
				FRAMEWORK_SEARCH_PATHS = (
					"$(SDKROOT)/Developer/Library/Frameworks",
					"$(inherited)",
				);
				GCC_PREPROCESSOR_DEFINITIONS = (
					"DEBUG=1",
					"$(inherited)",
				);
				INFOPLIST_FILE = StrutsProblemTests/Info.plist;
				LD_RUNPATH_SEARCH_PATHS = "$(inherited) @executable_path/Frameworks @loader_path/Frameworks";
				PRODUCT_NAME = "$(TARGET_NAME)";
				TEST_HOST = "$(BUILT_PRODUCTS_DIR)/StrutsProblem.app/StrutsProblem";
			};
			name = Debug;
		};
		06463F861B04CA6A008B91DE /* Release */ = {
			isa = XCBuildConfiguration;
			buildSettings = {
				BUNDLE_LOADER = "$(TEST_HOST)";
				FRAMEWORK_SEARCH_PATHS = (
					"$(SDKROOT)/Developer/Library/Frameworks",
					"$(inherited)",
				);
				INFOPLIST_FILE = StrutsProblemTests/Info.plist;
				LD_RUNPATH_SEARCH_PATHS = "$(inherited) @executable_path/Frameworks @loader_path/Frameworks";
				PRODUCT_NAME = "$(TARGET_NAME)";
				TEST_HOST = "$(BUILT_PRODUCTS_DIR)/StrutsProblem.app/StrutsProblem";
			};
			name = Release;
		};
/* End XCBuildConfiguration section */

/* Begin XCConfigurationList section */
		06463F591B04CA6A008B91DE /* Build configuration list for PBXProject "StrutsProblem" */ = {
			isa = XCConfigurationList;
			buildConfigurations = (
				06463F7F1B04CA6A008B91DE /* Debug */,
				06463F801B04CA6A008B91DE /* Release */,
			);
			defaultConfigurationIsVisible = 0;
			defaultConfigurationName = Release;
		};
		06463F811B04CA6A008B91DE /* Build configuration list for PBXNativeTarget "StrutsProblem" */ = {
			isa = XCConfigurationList;
			buildConfigurations = (
				06463F821B04CA6A008B91DE /* Debug */,
				06463F831B04CA6A008B91DE /* Release */,
			);
			defaultConfigurationIsVisible = 0;
		};
		06463F841B04CA6A008B91DE /* Build configuration list for PBXNativeTarget "StrutsProblemTests" */ = {
			isa = XCConfigurationList;
			buildConfigurations = (
				06463F851B04CA6A008B91DE /* Debug */,
				06463F861B04CA6A008B91DE /* Release */,
			);
			defaultConfigurationIsVisible = 0;
		};
/* End XCConfigurationList section */
	};
	rootObject = 06463F561B04CA6A008B91DE /* Project object */;
}
